# This file is autogenerated, do not edit; changes may be undone by the next 'dep ensure'.


[[projects]]
  name = "github.com/gorilla/context"
  packages = ["."]
  revision = "1ea25387ff6f684839d82767c1733ff4d4d15d0a"
  version = "v1.1"

[[projects]]
  name = "github.com/monoculum/formam"
  packages = ["."]
  revision = "99ca9dcbaca6d91e9665f817d0da23af6184ced3"
  version = "v3.0"

[[projects]]
  name = "github.com/roobre/gorilla-mux"
  packages = ["."]
  revision = "69e494abae330c166d0494b04e340cc832f9b05e"

[solve-meta]
  analyzer-name = "dep"
  analyzer-version = 1
  inputs-digest = "cc62166e3d9025ece781aa7df42c6042ec0821b59a03105f4f64402d6dbd4c36"
  solver-name = "gps-cdcl"
  solver-version = 1
